<?xml version="1.0" encoding="UTF-8"?>
<CONFIG>
  <ProjectOptions>
    <Version Value="9"/>
    <PathDelim Value="\"/>
    <General>
      <SessionStorage Value="InProjectDir"/>
      <MainUnit Value="0"/>
      <Title Value="qvcl"/>
      <UseAppBundle Value="False"/>
      <ResourceType Value="res"/>
      <UseXPManifest Value="True"/>
      <XPManifest>
        <UIAccess Value="True"/>
      </XPManifest>
    </General>
    <i18n>
      <EnableI18N LFM="False"/>
    </i18n>
    <VersionInfo>
      <UseVersionInfo Value="True"/>
      <AutoIncrementBuild Value="True"/>
      <MinorVersionNr Value="5"/>
      <BuildNr Value="42"/>
      <StringTable Comments="Based on VCLua library" FileDescription="Visual Component Library for QLua" LegalCopyright="(c) http://quik2dde.ru" OriginalFilename="qvcl.dll" ProductName="qvcl" ProductVersion="0.5.0-rev.2"/>
    </VersionInfo>
    <BuildModes Count="1">
      <Item1 Name="Default" Default="True"/>
    </BuildModes>
    <PublishOptions>
      <Version Value="2"/>
    </PublishOptions>
    <Units Count="4">
      <Unit0>
        <Filename Value="vcl.lpr"/>
        <IsPartOfProject Value="True"/>
      </Unit0>
      <Unit1>
        <Filename Value="src\luapicture.pas"/>
        <IsPartOfProject Value="True"/>
        <UnitName Value="LuaPicture"/>
      </Unit1>
      <Unit2>
        <Filename Value="src\luagraphic.pas"/>
        <IsPartOfProject Value="True"/>
        <UnitName Value="LuaGraphic"/>
      </Unit2>
      <Unit3>
        <Filename Value="src\luatable.pas"/>
        <IsPartOfProject Value="True"/>
        <UnitName Value="LuaTable"/>
      </Unit3>
    </Units>
  </ProjectOptions>
  <CompilerOptions>
    <Version Value="11"/>
    <PathDelim Value="\"/>
    <Target>
      <Filename Value="bin\qvcl"/>
    </Target>
    <SearchPaths>
      <IncludeFiles Value=".;$(LazarusDir)\components\synedit;$(LazarusDir)\lcl\include;$(ProjOutDir)"/>
      <OtherUnitFiles Value="$(LazarusDir)\lcl\units\$(TargetCPU)-$(TargetOS);$(LazarusDir)\fpc\2.6.4\units\$(TargetCPU)-$(TargetOS);$(LazarusDir)\lcl\units\$(TargetCPU)-$(TargetOS)\$(LCLWidgetType);$(LazarusDir)\components\lazutils\lib\$(TargetCPU)-$(TargetOS);$(LazarusDir)\components\rtticontrols\lib\$(TargetCPU)-$(TargetOS)\$(TargetOS);$(LazarusDir)\components\lazcontrols\lib\$(TargetCPU)-$(TargetOS)\$(TargetOS);$(LazarusDir)\components\rtticontrols;$(LazarusDir)\components\ideintf;src;genericsrc;$(LazarusDir)\components\synedit"/>
      <UnitOutputDirectory Value="lib\$(TargetCPU)-$(TargetOS)"/>
    </SearchPaths>
    <Parsing>
      <SyntaxOptions>
        <SyntaxMode Value="Delphi"/>
        <CStyleOperator Value="False"/>
        <AllowLabel Value="False"/>
        <CPPInline Value="False"/>
      </SyntaxOptions>
    </Parsing>
    <CodeGeneration>
      <SmartLinkUnit Value="True"/>
      <RelocatableUnit Value="True"/>
      <Checks>
        <IOChecks Value="True"/>
        <RangeChecks Value="True"/>
        <OverflowChecks Value="True"/>
        <StackChecks Value="True"/>
      </Checks>
      <Optimizations>
        <OptimizationLevel Value="3"/>
      </Optimizations>
    </CodeGeneration>
    <Linking>
      <Debugging>
        <GenerateDebugInfo Value="False"/>
        <UseLineInfoUnit Value="False"/>
        <StripSymbols Value="True"/>
      </Debugging>
      <LinkSmart Value="True"/>
      <Options>
        <Win32>
          <GraphicApplication Value="True"/>
        </Win32>
        <ExecutableType Value="Library"/>
      </Options>
    </Linking>
    <Other>
      <CompilerMessages>
        <MsgFileName Value=""/>
      </CompilerMessages>
      <CompilerPath Value="$(CompPath)"/>
    </Other>
  </CompilerOptions>
  <Debugging>
    <Exceptions Count="3">
      <Item1>
        <Name Value="EAbort"/>
      </Item1>
      <Item2>
        <Name Value="ECodetoolError"/>
      </Item2>
      <Item3>
        <Name Value="EFOpenError"/>
      </Item3>
    </Exceptions>
  </Debugging>
</CONFIG>
