<?xml version="1.0" encoding="UTF-8"?>
<CONFIG>
  <ProjectOptions>
    <Version Value="9"/>
    <PathDelim Value="\"/>
    <General>
      <SessionStorage Value="InProjectDir"/>
      <MainUnit Value="0"/>
      <Title Value="vcluapp"/>
      <ResourceType Value="res"/>
      <UseXPManifest Value="True"/>
      <Icon Value="0"/>
    </General>
    <i18n>
      <EnableI18N LFM="False"/>
    </i18n>
    <VersionInfo>
      <UseVersionInfo Value="True"/>
      <AutoIncrementBuild Value="True"/>
      <MinorVersionNr Value="5"/>
      <BuildNr Value="6"/>
      <StringTable ProductVersion=""/>
    </VersionInfo>
    <BuildModes Count="2">
      <Item1 Name="Default" Default="True"/>
      <Item2 Name="Debug">
        <CompilerOptions>
          <Version Value="11"/>
          <PathDelim Value="\"/>
          <Target>
            <Filename Value="bin\demo"/>
          </Target>
          <SearchPaths>
            <IncludeFiles Value="$(LazarusDir)\components\synedit;$(ProjOutDir)"/>
            <OtherUnitFiles Value="$(LazarusDir)\lcl\units\$(TargetCPU)-$(TargetOS);$(LazarusDir)\fpc\2.6.2\units\$(TargetCPU)-$(TargetOS);$(LazarusDir)\lcl\units\$(TargetCPU)-$(TargetOS)\$(LCLWidgetType);$(LazarusDir)\components\lazutils\lib\$(TargetCPU)-$(TargetOS);$(LazarusDir)\components\rtticontrols\lib\$(TargetCPU)-$(TargetOS)\$(TargetOS);$(LazarusDir)\components\lazcontrols\lib\$(TargetCPU)-$(TargetOS)\$(TargetOS);$(LazarusDir)\components\ideintf\units\$(TargetCPU)-$(TargetOS)\$(TargetOS);$(LazarusDir)\components\synedit\units\$(TargetCPU)-$(TargetOS)\$(TargetOS);$(LazarusDir)\components\synedit;$(LazarusDir)\components\rtticontrols;$(LazarusDir)\components\ideintf;$(LazarusDir)\components\lazcontrols;src;genericsrc"/>
            <UnitOutputDirectory Value="lib\$(TargetCPU)-$(TargetOS)"/>
          </SearchPaths>
          <Parsing>
            <SyntaxOptions>
              <SyntaxMode Value="Delphi"/>
              <IncludeAssertionCode Value="True"/>
            </SyntaxOptions>
          </Parsing>
          <CodeGeneration>
            <Checks>
              <IOChecks Value="True"/>
              <RangeChecks Value="True"/>
              <OverflowChecks Value="True"/>
              <StackChecks Value="True"/>
            </Checks>
          </CodeGeneration>
          <Linking>
            <Debugging>
              <DebugInfoType Value="dsDwarf2Set"/>
              <UseHeaptrc Value="True"/>
              <StripSymbols Value="True"/>
              <UseExternalDbgSyms Value="True"/>
            </Debugging>
            <Options>
              <Win32>
                <GraphicApplication Value="True"/>
              </Win32>
            </Options>
          </Linking>
          <Other>
            <CompilerMessages>
              <MsgFileName Value=""/>
            </CompilerMessages>
            <CompilerPath Value="$(CompPath)"/>
          </Other>
        </CompilerOptions>
      </Item2>
    </BuildModes>
    <PublishOptions>
      <Version Value="2"/>
    </PublishOptions>
    <RunParams>
      <local>
        <FormatVersion Value="1"/>
        <CommandLineParams Value="-f demo.lua"/>
        <WorkingDirectory Value="D:\Work\lua\vclua\vclua-0.5.0\bin"/>
      </local>
    </RunParams>
    <RequiredPackages Count="1">
      <Item1>
        <PackageName Value="LCL"/>
      </Item1>
    </RequiredPackages>
    <Units Count="1">
      <Unit0>
        <Filename Value="vcluapp.lpr"/>
        <IsPartOfProject Value="True"/>
        <UnitName Value="vcluapp"/>
      </Unit0>
    </Units>
  </ProjectOptions>
  <CompilerOptions>
    <Version Value="11"/>
    <PathDelim Value="\"/>
    <Target>
      <Filename Value="bin\demo"/>
    </Target>
    <SearchPaths>
      <IncludeFiles Value="$(LazarusDir)\components\synedit;$(ProjOutDir)"/>
      <OtherUnitFiles Value="$(LazarusDir)\lcl\units\$(TargetCPU)-$(TargetOS);$(LazarusDir)\fpc\2.6.2\units\$(TargetCPU)-$(TargetOS);$(LazarusDir)\lcl\units\$(TargetCPU)-$(TargetOS)\$(LCLWidgetType);$(LazarusDir)\components\lazutils\lib\$(TargetCPU)-$(TargetOS);$(LazarusDir)\components\rtticontrols\lib\$(TargetCPU)-$(TargetOS)\$(TargetOS);$(LazarusDir)\components\lazcontrols\lib\$(TargetCPU)-$(TargetOS)\$(TargetOS);$(LazarusDir)\components\ideintf\units\$(TargetCPU)-$(TargetOS)\$(TargetOS);$(LazarusDir)\components\synedit\units\$(TargetCPU)-$(TargetOS)\$(TargetOS);$(LazarusDir)\components\synedit;$(LazarusDir)\components\rtticontrols;$(LazarusDir)\components\ideintf;$(LazarusDir)\components\lazcontrols;src;genericsrc"/>
      <UnitOutputDirectory Value="lib\$(TargetCPU)-$(TargetOS)"/>
    </SearchPaths>
    <Parsing>
      <SyntaxOptions>
        <SyntaxMode Value="Delphi"/>
      </SyntaxOptions>
    </Parsing>
    <Linking>
      <Debugging>
        <GenerateDebugInfo Value="False"/>
        <StripSymbols Value="True"/>
      </Debugging>
      <Options>
        <Win32>
          <GraphicApplication Value="True"/>
        </Win32>
      </Options>
    </Linking>
    <Other>
      <CompilerMessages>
        <MsgFileName Value=""/>
      </CompilerMessages>
      <CompilerPath Value="$(CompPath)"/>
    </Other>
  </CompilerOptions>
  <Debugging>
    <Exceptions Count="3">
      <Item1>
        <Name Value="EAbort"/>
      </Item1>
      <Item2>
        <Name Value="ECodetoolError"/>
      </Item2>
      <Item3>
        <Name Value="EFOpenError"/>
      </Item3>
    </Exceptions>
  </Debugging>
</CONFIG>
